
Microsoft Visual Studio Solution File, Format Version 12.00
# Visual Studio Version 17
VisualStudioVersion = 17.8.34309.116
MinimumVisualStudioVersion = 10.0.40219.1
Project("{2150E333-8FDC-42A3-9474-1A3956D46DE8}") = "PrimaryConstractor", "PrimaryConstractor", "{50633E5A-2936-451C-B7C5-55D7AB32D0EB}"
EndProject
Project("{FAE04EC0-301F-11D3-BF4B-00C04F79EFBC}") = "PrimaryConstractorDemo", "PrimaryConstractorDemo\PrimaryConstractorDemo.csproj", "{E1A6B480-D3F9-4CFA-84A8-3AF78804A48B}"
EndProject
Global
	GlobalSection(SolutionConfigurationPlatforms) = preSolution
		Debug|Any CPU = Debug|Any CPU
		Release|Any CPU = Release|Any CPU
	EndGlobalSection
	GlobalSection(ProjectConfigurationPlatforms) = postSolution
		{E1A6B480-D3F9-4CFA-84A8-3AF78804A48B}.Debug|Any CPU.ActiveCfg = Debug|Any CPU
		{E1A6B480-D3F9-4CFA-84A8-3AF78804A48B}.Debug|Any CPU.Build.0 = Debug|Any CPU
		{E1A6B480-D3F9-4CFA-84A8-3AF78804A48B}.Release|Any CPU.ActiveCfg = Release|Any CPU
		{E1A6B480-D3F9-4CFA-84A8-3AF78804A48B}.Release|Any CPU.Build.0 = Release|Any CPU
	EndGlobalSection
	GlobalSection(SolutionProperties) = preSolution
		HideSolutionNode = FALSE
	EndGlobalSection
	GlobalSection(NestedProjects) = preSolution
		{E1A6B480-D3F9-4CFA-84A8-3AF78804A48B} = {50633E5A-2936-451C-B7C5-55D7AB32D0EB}
	EndGlobalSection
	GlobalSection(ExtensibilityGlobals) = postSolution
		SolutionGuid = {45D37E30-994A-49FA-AE3B-652BE3C307C3}
	EndGlobalSection
EndGlobal
